
Microsoft Visual Studio Solution File, Format Version 12.00
# Visual Studio Version 16
VisualStudioVersion = 16.0.31702.278
MinimumVisualStudioVersion = 10.0.40219.1
Project("{FAE04EC0-301F-11D3-BF4B-00C04F79EFBC}") = "Cipher", "Cipher\Cipher.csproj", "{7EBE73A5-A42E-4204-BB41-2753288099B4}"
EndProject
Global
	GlobalSection(SolutionConfigurationPlatforms) = preSolution
		Debug|Any CPU = Debug|Any CPU
		Release|Any CPU = Release|Any CPU
	EndGlobalSection
	GlobalSection(ProjectConfigurationPlatforms) = postSolution
		{7EBE73A5-A42E-4204-BB41-2753288099B4}.Debug|Any CPU.ActiveCfg = Debug|Any CPU
		{7EBE73A5-A42E-4204-BB41-2753288099B4}.Debug|Any CPU.Build.0 = Debug|Any CPU
		{7EBE73A5-A42E-4204-BB41-2753288099B4}.Release|Any CPU.ActiveCfg = Release|Any CPU
		{7EBE73A5-A42E-4204-BB41-2753288099B4}.Release|Any CPU.Build.0 = Release|Any CPU
	EndGlobalSection
	GlobalSection(SolutionProperties) = preSolution
		HideSolutionNode = FALSE
	EndGlobalSection
	GlobalSection(ExtensibilityGlobals) = postSolution
		SolutionGuid = {2B2E1F02-66B1-4DD2-A366-9BC4D950A3BB}
	EndGlobalSection
EndGlobal
